
Microsoft Visual Studio Solution File, Format Version 12.00
# Visual Studio Version 17
VisualStudioVersion = 17.8.34330.188
MinimumVisualStudioVersion = 10.0.40219.1
Project("{FAE04EC0-301F-11D3-BF4B-00C04F79EFBC}") = "HotelLisingAPIV1", "HotelLisingAPIV1\HotelLisingAPIV1.csproj", "{86E368F3-D916-4BF9-B022-447C7D5721BD}"
EndProject
Global
	GlobalSection(SolutionConfigurationPlatforms) = preSolution
		Debug|Any CPU = Debug|Any CPU
		Release|Any CPU = Release|Any CPU
	EndGlobalSection
	GlobalSection(ProjectConfigurationPlatforms) = postSolution
		{86E368F3-D916-4BF9-B022-447C7D5721BD}.Debug|Any CPU.ActiveCfg = Debug|Any CPU
		{86E368F3-D916-4BF9-B022-447C7D5721BD}.Debug|Any CPU.Build.0 = Debug|Any CPU
		{86E368F3-D916-4BF9-B022-447C7D5721BD}.Release|Any CPU.ActiveCfg = Release|Any CPU
		{86E368F3-D916-4BF9-B022-447C7D5721BD}.Release|Any CPU.Build.0 = Release|Any CPU
	EndGlobalSection
	GlobalSection(SolutionProperties) = preSolution
		HideSolutionNode = FALSE
	EndGlobalSection
	GlobalSection(ExtensibilityGlobals) = postSolution
		SolutionGuid = {CF7F54E6-D283-49E1-B95F-4FCA263C369B}
	EndGlobalSection
EndGlobal
